// !$*UTF8*$!
{
	archiveVersion = 1;
	classes = {
	};
	objectVersion = 56;
	objects = {

/* Begin PBXBuildFile section */
		270D3C0629ABEF3700A731F2 /* PromoViewController.swift in Sources */ = {isa = PBXBuildFile; fileRef = 270D3C0429ABEF3700A731F2 /* PromoViewController.swift */; };
		270D3C0729ABEF3700A731F2 /* PromoViewController.xib in Resources */ = {isa = PBXBuildFile; fileRef = 270D3C0529ABEF3700A731F2 /* PromoViewController.xib */; };
		271432B029C8D3F4009E5A06 /* ExtantionManager.swift in Sources */ = {isa = PBXBuildFile; fileRef = 271432AF29C8D3F4009E5A06 /* ExtantionManager.swift */; };
		271432B229C8D47D009E5A06 /* ErrorHandler.swift in Sources */ = {isa = PBXBuildFile; fileRef = 271432B129C8D47D009E5A06 /* ErrorHandler.swift */; };
		27461E0829AA900F00CFBA94 /* TableViewController.swift in Sources */ = {isa = PBXBuildFile; fileRef = 27461E0629AA900F00CFBA94 /* TableViewController.swift */; };
		27461E0929AA900F00CFBA94 /* TableViewController.xib in Resources */ = {isa = PBXBuildFile; fileRef = 27461E0729AA900F00CFBA94 /* TableViewController.xib */; };
		27461E0E29AA918400CFBA94 /* MovieTableViewCell.swift in Sources */ = {isa = PBXBuildFile; fileRef = 27461E0C29AA918400CFBA94 /* MovieTableViewCell.swift */; };
		27461E0F29AA918400CFBA94 /* MovieTableViewCell.xib in Resources */ = {isa = PBXBuildFile; fileRef = 27461E0D29AA918400CFBA94 /* MovieTableViewCell.xib */; };
		27461E1729AB69D000CFBA94 /* DetailsViewController.swift in Sources */ = {isa = PBXBuildFile; fileRef = 27461E1529AB69D000CFBA94 /* DetailsViewController.swift */; };
		27461E1829AB69D000CFBA94 /* DetailsViewController.xib in Resources */ = {isa = PBXBuildFile; fileRef = 27461E1629AB69D000CFBA94 /* DetailsViewController.xib */; };
		27F8CB8729AA407300C84976 /* AppDelegate.swift in Sources */ = {isa = PBXBuildFile; fileRef = 27F8CB8629AA407300C84976 /* AppDelegate.swift */; };
		27F8CB8929AA407300C84976 /* SceneDelegate.swift in Sources */ = {isa = PBXBuildFile; fileRef = 27F8CB8829AA407300C84976 /* SceneDelegate.swift */; };
		27F8CB8B29AA407300C84976 /* LaunchViewController.swift in Sources */ = {isa = PBXBuildFile; fileRef = 27F8CB8A29AA407300C84976 /* LaunchViewController.swift */; };
		27F8CB8E29AA407300C84976 /* Main.storyboard in Resources */ = {isa = PBXBuildFile; fileRef = 27F8CB8C29AA407300C84976 /* Main.storyboard */; };
		27F8CB9129AA407300C84976 /* MovieRent.xcdatamodeld in Sources */ = {isa = PBXBuildFile; fileRef = 27F8CB8F29AA407300C84976 /* MovieRent.xcdatamodeld */; };
		27F8CB9329AA407700C84976 /* Assets.xcassets in Resources */ = {isa = PBXBuildFile; fileRef = 27F8CB9229AA407700C84976 /* Assets.xcassets */; };
		27F8CB9629AA407700C84976 /* LaunchScreen.storyboard in Resources */ = {isa = PBXBuildFile; fileRef = 27F8CB9429AA407700C84976 /* LaunchScreen.storyboard */; };
		27F8CBA129AA439300C84976 /* AdvertisingViewController.swift in Sources */ = {isa = PBXBuildFile; fileRef = 27F8CB9F29AA439300C84976 /* AdvertisingViewController.swift */; };
		27F8CBA229AA439300C84976 /* AdvertisingViewController.xib in Resources */ = {isa = PBXBuildFile; fileRef = 27F8CBA029AA439300C84976 /* AdvertisingViewController.xib */; };
		27F8CBA429AA480200C84976 /* RequestManager.swift in Sources */ = {isa = PBXBuildFile; fileRef = 27F8CBA329AA480200C84976 /* RequestManager.swift */; };
		27F8CBA629AA482800C84976 /* DataManeger.swift in Sources */ = {isa = PBXBuildFile; fileRef = 27F8CBA529AA482800C84976 /* DataManeger.swift */; };
		27F8CBA829AA486C00C84976 /* URLManager.swift in Sources */ = {isa = PBXBuildFile; fileRef = 27F8CBA729AA486C00C84976 /* URLManager.swift */; };
/* End PBXBuildFile section */

/* Begin PBXFileReference section */
		270D3C0429ABEF3700A731F2 /* PromoViewController.swift */ = {isa = PBXFileReference; lastKnownFileType = sourcecode.swift; path = PromoViewController.swift; sourceTree = "<group>"; };
		270D3C0529ABEF3700A731F2 /* PromoViewController.xib */ = {isa = PBXFileReference; lastKnownFileType = file.xib; path = PromoViewController.xib; sourceTree = "<group>"; };
		271432AF29C8D3F4009E5A06 /* ExtantionManager.swift */ = {isa = PBXFileReference; lastKnownFileType = sourcecode.swift; path = ExtantionManager.swift; sourceTree = "<group>"; };
		271432B129C8D47D009E5A06 /* ErrorHandler.swift */ = {isa = PBXFileReference; lastKnownFileType = sourcecode.swift; path = ErrorHandler.swift; sourceTree = "<group>"; };
		27461E0629AA900F00CFBA94 /* TableViewController.swift */ = {isa = PBXFileReference; lastKnownFileType = sourcecode.swift; path = TableViewController.swift; sourceTree = "<group>"; };
		27461E0729AA900F00CFBA94 /* TableViewController.xib */ = {isa = PBXFileReference; lastKnownFileType = file.xib; path = TableViewController.xib; sourceTree = "<group>"; };
		27461E0C29AA918400CFBA94 /* MovieTableViewCell.swift */ = {isa = PBXFileReference; lastKnownFileType = sourcecode.swift; path = MovieTableViewCell.swift; sourceTree = "<group>"; };
		27461E0D29AA918400CFBA94 /* MovieTableViewCell.xib */ = {isa = PBXFileReference; lastKnownFileType = file.xib; path = MovieTableViewCell.xib; sourceTree = "<group>"; };
		27461E1529AB69D000CFBA94 /* DetailsViewController.swift */ = {isa = PBXFileReference; lastKnownFileType = sourcecode.swift; path = DetailsViewController.swift; sourceTree = "<group>"; };
		27461E1629AB69D000CFBA94 /* DetailsViewController.xib */ = {isa = PBXFileReference; lastKnownFileType = file.xib; path = DetailsViewController.xib; sourceTree = "<group>"; };
		27F8CB8329AA407300C84976 /* MovieRent.app */ = {isa = PBXFileReference; explicitFileType = wrapper.application; includeInIndex = 0; path = MovieRent.app; sourceTree = BUILT_PRODUCTS_DIR; };
		27F8CB8629AA407300C84976 /* AppDelegate.swift */ = {isa = PBXFileReference; lastKnownFileType = sourcecode.swift; path = AppDelegate.swift; sourceTree = "<group>"; };
		27F8CB8829AA407300C84976 /* SceneDelegate.swift */ = {isa = PBXFileReference; lastKnownFileType = sourcecode.swift; path = SceneDelegate.swift; sourceTree = "<group>"; };
		27F8CB8A29AA407300C84976 /* LaunchViewController.swift */ = {isa = PBXFileReference; lastKnownFileType = sourcecode.swift; path = LaunchViewController.swift; sourceTree = "<group>"; };
		27F8CB8D29AA407300C84976 /* Base */ = {isa = PBXFileReference; lastKnownFileType = file.storyboard; name = Base; path = Base.lproj/Main.storyboard; sourceTree = "<group>"; };
		27F8CB9029AA407300C84976 /* MovieRent.xcdatamodel */ = {isa = PBXFileReference; lastKnownFileType = wrapper.xcdatamodel; path = MovieRent.xcdatamodel; sourceTree = "<group>"; };
		27F8CB9229AA407700C84976 /* Assets.xcassets */ = {isa = PBXFileReference; lastKnownFileType = folder.assetcatalog; path = Assets.xcassets; sourceTree = "<group>"; };
		27F8CB9529AA407700C84976 /* Base */ = {isa = PBXFileReference; lastKnownFileType = file.storyboard; name = Base; path = Base.lproj/LaunchScreen.storyboard; sourceTree = "<group>"; };
		27F8CB9729AA407700C84976 /* Info.plist */ = {isa = PBXFileReference; lastKnownFileType = text.plist.xml; path = Info.plist; sourceTree = "<group>"; };
		27F8CB9F29AA439300C84976 /* AdvertisingViewController.swift */ = {isa = PBXFileReference; lastKnownFileType = sourcecode.swift; path = AdvertisingViewController.swift; sourceTree = "<group>"; };
		27F8CBA029AA439300C84976 /* AdvertisingViewController.xib */ = {isa = PBXFileReference; lastKnownFileType = file.xib; path = AdvertisingViewController.xib; sourceTree = "<group>"; };
		27F8CBA329AA480200C84976 /* RequestManager.swift */ = {isa = PBXFileReference; lastKnownFileType = sourcecode.swift; path = RequestManager.swift; sourceTree = "<group>"; };
		27F8CBA529AA482800C84976 /* DataManeger.swift */ = {isa = PBXFileReference; lastKnownFileType = sourcecode.swift; path = DataManeger.swift; sourceTree = "<group>"; };
		27F8CBA729AA486C00C84976 /* URLManager.swift */ = {isa = PBXFileReference; lastKnownFileType = sourcecode.swift; path = URLManager.swift; sourceTree = "<group>"; };
/* End PBXFileReference section */

/* Begin PBXFrameworksBuildPhase section */
		27F8CB8029AA407300C84976 /* Frameworks */ = {
			isa = PBXFrameworksBuildPhase;
			buildActionMask = 2147483647;
			files = (
			);
			runOnlyForDeploymentPostprocessing = 0;
		};
/* End PBXFrameworksBuildPhase section */

/* Begin PBXGroup section */
		271432B329C8DF52009E5A06 /* View */ = {
			isa = PBXGroup;
			children = (
				27F8CB8A29AA407300C84976 /* LaunchViewController.swift */,
				27F8CB8C29AA407300C84976 /* Main.storyboard */,
				27B9B23929C8E0B80044ACD2 /* Advertising */,
			);
			path = View;
			sourceTree = "<group>";
		};
		271432B529C8DFAB009E5A06 /* TableView */ = {
			isa = PBXGroup;
			children = (
				27461E0629AA900F00CFBA94 /* TableViewController.swift */,
				27461E0729AA900F00CFBA94 /* TableViewController.xib */,
				271432B729C8DFD7009E5A06 /* Details */,
				271432B629C8DFC1009E5A06 /* Cell */,
			);
			path = TableView;
			sourceTree = "<group>";
		};
		271432B629C8DFC1009E5A06 /* Cell */ = {
			isa = PBXGroup;
			children = (
				27461E0C29AA918400CFBA94 /* MovieTableViewCell.swift */,
				27461E0D29AA918400CFBA94 /* MovieTableViewCell.xib */,
			);
			name = Cell;
			sourceTree = "<group>";
		};
		271432B729C8DFD7009E5A06 /* Details */ = {
			isa = PBXGroup;
			children = (
				27461E1529AB69D000CFBA94 /* DetailsViewController.swift */,
				27461E1629AB69D000CFBA94 /* DetailsViewController.xib */,
				27B9B23829C8E0850044ACD2 /* Promo */,
			);
			path = Details;
			sourceTree = "<group>";
		};
		27B9B23829C8E0850044ACD2 /* Promo */ = {
			isa = PBXGroup;
			children = (
				270D3C0429ABEF3700A731F2 /* PromoViewController.swift */,
				270D3C0529ABEF3700A731F2 /* PromoViewController.xib */,
			);
			name = Promo;
			sourceTree = "<group>";
		};
		27B9B23929C8E0B80044ACD2 /* Advertising */ = {
			isa = PBXGroup;
			children = (
				27F8CB9F29AA439300C84976 /* AdvertisingViewController.swift */,
				27F8CBA029AA439300C84976 /* AdvertisingViewController.xib */,
				271432B529C8DFAB009E5A06 /* TableView */,
			);
			name = Advertising;
			sourceTree = "<group>";
		};
		27B9B23A29C8E2990044ACD2 /* Model */ = {
			isa = PBXGroup;
			children = (
				27F8CBA329AA480200C84976 /* RequestManager.swift */,
				27F8CBA529AA482800C84976 /* DataManeger.swift */,
				27F8CBA729AA486C00C84976 /* URLManager.swift */,
				271432B129C8D47D009E5A06 /* ErrorHandler.swift */,
				271432AF29C8D3F4009E5A06 /* ExtantionManager.swift */,
			);
			name = Model;
			sourceTree = "<group>";
		};
		27F8CB7A29AA407300C84976 = {
			isa = PBXGroup;
			children = (
				27F8CB8529AA407300C84976 /* MovieRent */,
				27F8CB8429AA407300C84976 /* Products */,
			);
			sourceTree = "<group>";
		};
		27F8CB8429AA407300C84976 /* Products */ = {
			isa = PBXGroup;
			children = (
				27F8CB8329AA407300C84976 /* MovieRent.app */,
			);
			name = Products;
			sourceTree = "<group>";
		};
		27F8CB8529AA407300C84976 /* MovieRent */ = {
			isa = PBXGroup;
			children = (
				27B9B23A29C8E2990044ACD2 /* Model */,
				271432B329C8DF52009E5A06 /* View */,
				27F8CB9229AA407700C84976 /* Assets.xcassets */,
				27F8CB9429AA407700C84976 /* LaunchScreen.storyboard */,
				27F8CB9729AA407700C84976 /* Info.plist */,
				27F8CB8F29AA407300C84976 /* MovieRent.xcdatamodeld */,
				27F8CB9D29AA430600C84976 /* Delegate */,
			);
			path = MovieRent;
			sourceTree = "<group>";
		};
		27F8CB9D29AA430600C84976 /* Delegate */ = {
			isa = PBXGroup;
			children = (
				27F8CB8629AA407300C84976 /* AppDelegate.swift */,
				27F8CB8829AA407300C84976 /* SceneDelegate.swift */,
			);
			path = Delegate;
			sourceTree = "<group>";
		};
/* End PBXGroup section */

/* Begin PBXNativeTarget section */
		27F8CB8229AA407300C84976 /* MovieRent */ = {
			isa = PBXNativeTarget;
			buildConfigurationList = 27F8CB9A29AA407700C84976 /* Build configuration list for PBXNativeTarget "MovieRent" */;
			buildPhases = (
				27F8CB7F29AA407300C84976 /* Sources */,
				27F8CB8029AA407300C84976 /* Frameworks */,
				27F8CB8129AA407300C84976 /* Resources */,
			);
			buildRules = (
			);
			dependencies = (
			);
			name = MovieRent;
			productName = MovieRent;
			productReference = 27F8CB8329AA407300C84976 /* MovieRent.app */;
			productType = "com.apple.product-type.application";
		};
/* End PBXNativeTarget section */

/* Begin PBXProject section */
		27F8CB7B29AA407300C84976 /* Project object */ = {
			isa = PBXProject;
			attributes = {
				BuildIndependentTargetsInParallel = 1;
				LastSwiftUpdateCheck = 1420;
				LastUpgradeCheck = 1420;
				TargetAttributes = {
					27F8CB8229AA407300C84976 = {
						CreatedOnToolsVersion = 14.2;
					};
				};
			};
			buildConfigurationList = 27F8CB7E29AA407300C84976 /* Build configuration list for PBXProject "MovieRent" */;
			compatibilityVersion = "Xcode 14.0";
			developmentRegion = en;
			hasScannedForEncodings = 0;
			knownRegions = (
				en,
				Base,
			);
			mainGroup = 27F8CB7A29AA407300C84976;
			productRefGroup = 27F8CB8429AA407300C84976 /* Products */;
			projectDirPath = "";
			projectRoot = "";
			targets = (
				27F8CB8229AA407300C84976 /* MovieRent */,
			);
		};
/* End PBXProject section */

/* Begin PBXResourcesBuildPhase section */
		27F8CB8129AA407300C84976 /* Resources */ = {
			isa = PBXResourcesBuildPhase;
			buildActionMask = 2147483647;
			files = (
				27461E1829AB69D000CFBA94 /* DetailsViewController.xib in Resources */,
				27F8CB9629AA407700C84976 /* LaunchScreen.storyboard in Resources */,
				27F8CB9329AA407700C84976 /* Assets.xcassets in Resources */,
				27461E0F29AA918400CFBA94 /* MovieTableViewCell.xib in Resources */,
				270D3C0729ABEF3700A731F2 /* PromoViewController.xib in Resources */,
				27F8CB8E29AA407300C84976 /* Main.storyboard in Resources */,
				27461E0929AA900F00CFBA94 /* TableViewController.xib in Resources */,
				27F8CBA229AA439300C84976 /* AdvertisingViewController.xib in Resources */,
			);
			runOnlyForDeploymentPostprocessing = 0;
		};
/* End PBXResourcesBuildPhase section */

/* Begin PBXSourcesBuildPhase section */
		27F8CB7F29AA407300C84976 /* Sources */ = {
			isa = PBXSourcesBuildPhase;
			buildActionMask = 2147483647;
			files = (
				27461E0E29AA918400CFBA94 /* MovieTableViewCell.swift in Sources */,
				271432B229C8D47D009E5A06 /* ErrorHandler.swift in Sources */,
				27F8CB8B29AA407300C84976 /* LaunchViewController.swift in Sources */,
				27F8CBA829AA486C00C84976 /* URLManager.swift in Sources */,
				27461E1729AB69D000CFBA94 /* DetailsViewController.swift in Sources */,
				27F8CBA129AA439300C84976 /* AdvertisingViewController.swift in Sources */,
				27F8CB8729AA407300C84976 /* AppDelegate.swift in Sources */,
				271432B029C8D3F4009E5A06 /* ExtantionManager.swift in Sources */,
				27F8CBA429AA480200C84976 /* RequestManager.swift in Sources */,
				27F8CB8929AA407300C84976 /* SceneDelegate.swift in Sources */,
				270D3C0629ABEF3700A731F2 /* PromoViewController.swift in Sources */,
				27F8CB9129AA407300C84976 /* MovieRent.xcdatamodeld in Sources */,
				27461E0829AA900F00CFBA94 /* TableViewController.swift in Sources */,
				27F8CBA629AA482800C84976 /* DataManeger.swift in Sources */,
			);
			runOnlyForDeploymentPostprocessing = 0;
		};
/* End PBXSourcesBuildPhase section */

/* Begin PBXVariantGroup section */
		27F8CB8C29AA407300C84976 /* Main.storyboard */ = {
			isa = PBXVariantGroup;
			children = (
				27F8CB8D29AA407300C84976 /* Base */,
			);
			name = Main.storyboard;
			sourceTree = "<group>";
		};
		27F8CB9429AA407700C84976 /* LaunchScreen.storyboard */ = {
			isa = PBXVariantGroup;
			children = (
				27F8CB9529AA407700C84976 /* Base */,
			);
			name = LaunchScreen.storyboard;
			sourceTree = "<group>";
		};
/* End PBXVariantGroup section */

/* Begin XCBuildConfiguration section */
		27F8CB9829AA407700C84976 /* Debug */ = {
			isa = XCBuildConfiguration;
			buildSettings = {
				ALWAYS_SEARCH_USER_PATHS = NO;
				CLANG_ANALYZER_NONNULL = YES;
				CLANG_ANALYZER_NUMBER_OBJECT_CONVERSION = YES_AGGRESSIVE;
				CLANG_CXX_LANGUAGE_STANDARD = "gnu++20";
				CLANG_ENABLE_MODULES = YES;
				CLANG_ENABLE_OBJC_ARC = YES;
				CLANG_ENABLE_OBJC_WEAK = YES;
				CLANG_WARN_BLOCK_CAPTURE_AUTORELEASING = YES;
				CLANG_WARN_BOOL_CONVERSION = YES;
				CLANG_WARN_COMMA = YES;
				CLANG_WARN_CONSTANT_CONVERSION = YES;
				CLANG_WARN_DEPRECATED_OBJC_IMPLEMENTATIONS = YES;
				CLANG_WARN_DIRECT_OBJC_ISA_USAGE = YES_ERROR;
				CLANG_WARN_DOCUMENTATION_COMMENTS = YES;
				CLANG_WARN_EMPTY_BODY = YES;
				CLANG_WARN_ENUM_CONVERSION = YES;
				CLANG_WARN_INFINITE_RECURSION = YES;
				CLANG_WARN_INT_CONVERSION = YES;
				CLANG_WARN_NON_LITERAL_NULL_CONVERSION = YES;
				CLANG_WARN_OBJC_IMPLICIT_RETAIN_SELF = YES;
				CLANG_WARN_OBJC_LITERAL_CONVERSION = YES;
				CLANG_WARN_OBJC_ROOT_CLASS = YES_ERROR;
				CLANG_WARN_QUOTED_INCLUDE_IN_FRAMEWORK_HEADER = YES;
				CLANG_WARN_RANGE_LOOP_ANALYSIS = YES;
				CLANG_WARN_STRICT_PROTOTYPES = YES;
				CLANG_WARN_SUSPICIOUS_MOVE = YES;
				CLANG_WARN_UNGUARDED_AVAILABILITY = YES_AGGRESSIVE;
				CLANG_WARN_UNREACHABLE_CODE = YES;
				CLANG_WARN__DUPLICATE_METHOD_MATCH = YES;
				COPY_PHASE_STRIP = NO;
				DEBUG_INFORMATION_FORMAT = dwarf;
				ENABLE_STRICT_OBJC_MSGSEND = YES;
				ENABLE_TESTABILITY = YES;
				GCC_C_LANGUAGE_STANDARD = gnu11;
				GCC_DYNAMIC_NO_PIC = NO;
				GCC_NO_COMMON_BLOCKS = YES;
				GCC_OPTIMIZATION_LEVEL = 0;
				GCC_PREPROCESSOR_DEFINITIONS = (
					"DEBUG=1",
					"$(inherited)",
				);
				GCC_WARN_64_TO_32_BIT_CONVERSION = YES;
				GCC_WARN_ABOUT_RETURN_TYPE = YES_ERROR;
				GCC_WARN_UNDECLARED_SELECTOR = YES;
				GCC_WARN_UNINITIALIZED_AUTOS = YES_AGGRESSIVE;
				GCC_WARN_UNUSED_FUNCTION = YES;
				GCC_WARN_UNUSED_VARIABLE = YES;
				IPHONEOS_DEPLOYMENT_TARGET = 16.2;
				MTL_ENABLE_DEBUG_INFO = INCLUDE_SOURCE;
				MTL_FAST_MATH = YES;
				ONLY_ACTIVE_ARCH = YES;
				SDKROOT = iphoneos;
				SWIFT_ACTIVE_COMPILATION_CONDITIONS = DEBUG;
				SWIFT_OPTIMIZATION_LEVEL = "-Onone";
			};
			name = Debug;
		};
		27F8CB9929AA407700C84976 /* Release */ = {
			isa = XCBuildConfiguration;
			buildSettings = {
				ALWAYS_SEARCH_USER_PATHS = NO;
				CLANG_ANALYZER_NONNULL = YES;
				CLANG_ANALYZER_NUMBER_OBJECT_CONVERSION = YES_AGGRESSIVE;
				CLANG_CXX_LANGUAGE_STANDARD = "gnu++20";
				CLANG_ENABLE_MODULES = YES;
				CLANG_ENABLE_OBJC_ARC = YES;
				CLANG_ENABLE_OBJC_WEAK = YES;
				CLANG_WARN_BLOCK_CAPTURE_AUTORELEASING = YES;
				CLANG_WARN_BOOL_CONVERSION = YES;
				CLANG_WARN_COMMA = YES;
				CLANG_WARN_CONSTANT_CONVERSION = YES;
				CLANG_WARN_DEPRECATED_OBJC_IMPLEMENTATIONS = YES;
				CLANG_WARN_DIRECT_OBJC_ISA_USAGE = YES_ERROR;
				CLANG_WARN_DOCUMENTATION_COMMENTS = YES;
				CLANG_WARN_EMPTY_BODY = YES;
				CLANG_WARN_ENUM_CONVERSION = YES;
				CLANG_WARN_INFINITE_RECURSION = YES;
				CLANG_WARN_INT_CONVERSION = YES;
				CLANG_WARN_NON_LITERAL_NULL_CONVERSION = YES;
				CLANG_WARN_OBJC_IMPLICIT_RETAIN_SELF = YES;
				CLANG_WARN_OBJC_LITERAL_CONVERSION = YES;
				CLANG_WARN_OBJC_ROOT_CLASS = YES_ERROR;
				CLANG_WARN_QUOTED_INCLUDE_IN_FRAMEWORK_HEADER = YES;
				CLANG_WARN_RANGE_LOOP_ANALYSIS = YES;
				CLANG_WARN_STRICT_PROTOTYPES = YES;
				CLANG_WARN_SUSPICIOUS_MOVE = YES;
				CLANG_WARN_UNGUARDED_AVAILABILITY = YES_AGGRESSIVE;
				CLANG_WARN_UNREACHABLE_CODE = YES;
				CLANG_WARN__DUPLICATE_METHOD_MATCH = YES;
				COPY_PHASE_STRIP = NO;
				DEBUG_INFORMATION_FORMAT = "dwarf-with-dsym";
				ENABLE_NS_ASSERTIONS = NO;
				ENABLE_STRICT_OBJC_MSGSEND = YES;
				GCC_C_LANGUAGE_STANDARD = gnu11;
				GCC_NO_COMMON_BLOCKS = YES;
				GCC_WARN_64_TO_32_BIT_CONVERSION = YES;
				GCC_WARN_ABOUT_RETURN_TYPE = YES_ERROR;
				GCC_WARN_UNDECLARED_SELECTOR = YES;
				GCC_WARN_UNINITIALIZED_AUTOS = YES_AGGRESSIVE;
				GCC_WARN_UNUSED_FUNCTION = YES;
				GCC_WARN_UNUSED_VARIABLE = YES;
				IPHONEOS_DEPLOYMENT_TARGET = 16.2;
				MTL_ENABLE_DEBUG_INFO = NO;
				MTL_FAST_MATH = YES;
				SDKROOT = iphoneos;
				SWIFT_COMPILATION_MODE = wholemodule;
				SWIFT_OPTIMIZATION_LEVEL = "-O";
				VALIDATE_PRODUCT = YES;
			};
			name = Release;
		};
		27F8CB9B29AA407700C84976 /* Debug */ = {
			isa = XCBuildConfiguration;
			buildSettings = {
				ASSETCATALOG_COMPILER_APPICON_NAME = AppIcon;
				ASSETCATALOG_COMPILER_GLOBAL_ACCENT_COLOR_NAME = AccentColor;
				CODE_SIGN_STYLE = Automatic;
				CURRENT_PROJECT_VERSION = 1;
				DEVELOPMENT_TEAM = BMVXYF7P3M;
				GENERATE_INFOPLIST_FILE = YES;
				INFOPLIST_FILE = MovieRent/Info.plist;
				INFOPLIST_KEY_UIApplicationSupportsIndirectInputEvents = YES;
				INFOPLIST_KEY_UILaunchStoryboardName = LaunchScreen;
				INFOPLIST_KEY_UIMainStoryboardFile = Main;
				INFOPLIST_KEY_UISupportedInterfaceOrientations = UIInterfaceOrientationPortrait;
				INFOPLIST_KEY_UISupportedInterfaceOrientations_iPad = "UIInterfaceOrientationLandscapeLeft UIInterfaceOrientationLandscapeRight UIInterfaceOrientationPortrait UIInterfaceOrientationPortraitUpsideDown";
				LD_RUNPATH_SEARCH_PATHS = (
					"$(inherited)",
					"@executable_path/Frameworks",
				);
				MARKETING_VERSION = 1.0;
				PRODUCT_BUNDLE_IDENTIFIER = com.Kyrylos.MovieRent;
				PRODUCT_NAME = "$(TARGET_NAME)";
				SWIFT_EMIT_LOC_STRINGS = YES;
				SWIFT_VERSION = 5.0;
				TARGETED_DEVICE_FAMILY = "1,2";
			};
			name = Debug;
		};
		27F8CB9C29AA407700C84976 /* Release */ = {
			isa = XCBuildConfiguration;
			buildSettings = {
				ASSETCATALOG_COMPILER_APPICON_NAME = AppIcon;
				ASSETCATALOG_COMPILER_GLOBAL_ACCENT_COLOR_NAME = AccentColor;
				CODE_SIGN_STYLE = Automatic;
				CURRENT_PROJECT_VERSION = 1;
				DEVELOPMENT_TEAM = BMVXYF7P3M;
				GENERATE_INFOPLIST_FILE = YES;
				INFOPLIST_FILE = MovieRent/Info.plist;
				INFOPLIST_KEY_UIApplicationSupportsIndirectInputEvents = YES;
				INFOPLIST_KEY_UILaunchStoryboardName = LaunchScreen;
				INFOPLIST_KEY_UIMainStoryboardFile = Main;
				INFOPLIST_KEY_UISupportedInterfaceOrientations = UIInterfaceOrientationPortrait;
				INFOPLIST_KEY_UISupportedInterfaceOrientations_iPad = "UIInterfaceOrientationLandscapeLeft UIInterfaceOrientationLandscapeRight UIInterfaceOrientationPortrait UIInterfaceOrientationPortraitUpsideDown";
				LD_RUNPATH_SEARCH_PATHS = (
					"$(inherited)",
					"@executable_path/Frameworks",
				);
				MARKETING_VERSION = 1.0;
				PRODUCT_BUNDLE_IDENTIFIER = com.Kyrylos.MovieRent;
				PRODUCT_NAME = "$(TARGET_NAME)";
				SWIFT_EMIT_LOC_STRINGS = YES;
				SWIFT_VERSION = 5.0;
				TARGETED_DEVICE_FAMILY = "1,2";
			};
			name = Release;
		};
/* End XCBuildConfiguration section */

/* Begin XCConfigurationList section */
		27F8CB7E29AA407300C84976 /* Build configuration list for PBXProject "MovieRent" */ = {
			isa = XCConfigurationList;
			buildConfigurations = (
				27F8CB9829AA407700C84976 /* Debug */,
				27F8CB9929AA407700C84976 /* Release */,
			);
			defaultConfigurationIsVisible = 0;
			defaultConfigurationName = Release;
		};
		27F8CB9A29AA407700C84976 /* Build configuration list for PBXNativeTarget "MovieRent" */ = {
			isa = XCConfigurationList;
			buildConfigurations = (
				27F8CB9B29AA407700C84976 /* Debug */,
				27F8CB9C29AA407700C84976 /* Release */,
			);
			defaultConfigurationIsVisible = 0;
			defaultConfigurationName = Release;
		};
/* End XCConfigurationList section */

/* Begin XCVersionGroup section */
		27F8CB8F29AA407300C84976 /* MovieRent.xcdatamodeld */ = {
			isa = XCVersionGroup;
			children = (
				27F8CB9029AA407300C84976 /* MovieRent.xcdatamodel */,
			);
			currentVersion = 27F8CB9029AA407300C84976 /* MovieRent.xcdatamodel */;
			path = MovieRent.xcdatamodeld;
			sourceTree = "<group>";
			versionGroupType = wrapper.xcdatamodel;
		};
/* End XCVersionGroup section */
	};
	rootObject = 27F8CB7B29AA407300C84976 /* Project object */;
}
